
Microsoft Visual Studio Solution File, Format Version 12.00
# Visual Studio Version 16
VisualStudioVersion = 16.0.31105.61
MinimumVisualStudioVersion = 10.0.40219.1
Project("{FAE04EC0-301F-11D3-BF4B-00C04F79EFBC}") = "EjercicioThreads", "EjercicioThreads\EjercicioThreads.csproj", "{9FB2B989-2D18-4A92-9CAF-0FCF294C7225}"
EndProject
Global
	GlobalSection(SolutionConfigurationPlatforms) = preSolution
		Debug|Any CPU = Debug|Any CPU
		Release|Any CPU = Release|Any CPU
	EndGlobalSection
	GlobalSection(ProjectConfigurationPlatforms) = postSolution
		{9FB2B989-2D18-4A92-9CAF-0FCF294C7225}.Debug|Any CPU.ActiveCfg = Debug|Any CPU
		{9FB2B989-2D18-4A92-9CAF-0FCF294C7225}.Debug|Any CPU.Build.0 = Debug|Any CPU
		{9FB2B989-2D18-4A92-9CAF-0FCF294C7225}.Release|Any CPU.ActiveCfg = Release|Any CPU
		{9FB2B989-2D18-4A92-9CAF-0FCF294C7225}.Release|Any CPU.Build.0 = Release|Any CPU
	EndGlobalSection
	GlobalSection(SolutionProperties) = preSolution
		HideSolutionNode = FALSE
	EndGlobalSection
	GlobalSection(ExtensibilityGlobals) = postSolution
		SolutionGuid = {CD6E347A-834F-4CE2-8409-0142611EEB8F}
	EndGlobalSection
EndGlobal
