
Microsoft Visual Studio Solution File, Format Version 12.00
# Visual Studio Version 16
VisualStudioVersion = 16.0.31105.61
MinimumVisualStudioVersion = 10.0.40219.1
Project("{FAE04EC0-301F-11D3-BF4B-00C04F79EFBC}") = "HolaTheards", "HolaTheards\HolaTheards.csproj", "{211A0705-DFE2-4B53-9A53-F255B2808012}"
EndProject
Global
	GlobalSection(SolutionConfigurationPlatforms) = preSolution
		Debug|Any CPU = Debug|Any CPU
		Release|Any CPU = Release|Any CPU
	EndGlobalSection
	GlobalSection(ProjectConfigurationPlatforms) = postSolution
		{211A0705-DFE2-4B53-9A53-F255B2808012}.Debug|Any CPU.ActiveCfg = Debug|Any CPU
		{211A0705-DFE2-4B53-9A53-F255B2808012}.Debug|Any CPU.Build.0 = Debug|Any CPU
		{211A0705-DFE2-4B53-9A53-F255B2808012}.Release|Any CPU.ActiveCfg = Release|Any CPU
		{211A0705-DFE2-4B53-9A53-F255B2808012}.Release|Any CPU.Build.0 = Release|Any CPU
	EndGlobalSection
	GlobalSection(SolutionProperties) = preSolution
		HideSolutionNode = FALSE
	EndGlobalSection
	GlobalSection(ExtensibilityGlobals) = postSolution
		SolutionGuid = {22D7771E-88F1-40C2-8C3C-4FCBAAB53A64}
	EndGlobalSection
EndGlobal
